
Microsoft Visual Studio Solution File, Format Version 12.00
Project("{FAE04EC0-301F-11D3-BF4B-00C04F79EFBC}") = "Domain", "Domain\Domain.csproj", "{C794D70C-5DEA-424A-852B-C1168925F297}"
EndProject
Project("{FAE04EC0-301F-11D3-BF4B-00C04F79EFBC}") = "Persistence", "Persistence\Persistence.csproj", "{4D98A270-E47F-422D-9510-EFB460EED880}"
EndProject
Project("{FAE04EC0-301F-11D3-BF4B-00C04F79EFBC}") = "Application", "Application\Application.csproj", "{CEC338AF-9BAC-4422-83C3-1C69C719E872}"
EndProject
Project("{FAE04EC0-301F-11D3-BF4B-00C04F79EFBC}") = "Api", "Api\Api.csproj", "{074BCD26-2A28-41B5-A6C6-F6847150C0AD}"
EndProject
Project("{FAE04EC0-301F-11D3-BF4B-00C04F79EFBC}") = "Infrastructure", "Infrastructure\Infrastructure.csproj", "{50ACED80-403C-4DC1-AD86-5959973178AE}"
EndProject
Project("{FAE04EC0-301F-11D3-BF4B-00C04F79EFBC}") = "TelegramBotWorkerService", "TelegramBotWorkerService\TelegramBotWorkerService.csproj", "{EC0794A0-7021-4187-B54F-59758F08ADDE}"
EndProject
Project("{FAE04EC0-301F-11D3-BF4B-00C04F79EFBC}") = "TelegramBotWebhook", "TelegramBotWebhook\TelegramBotWebhook.csproj", "{FF3F75D9-2ECF-4A88-9E45-BF04D1AB7828}"
Project("{2150E333-8FDC-42A3-9474-1A3956D46DE8}") = "Solution Items", "Solution Items", "{F713C78B-88AA-4942-932C-97298BD57467}"
	ProjectSection(SolutionItems) = preProject
		compose.yaml = compose.yaml
	EndProjectSection
EndProject
Global
	GlobalSection(SolutionConfigurationPlatforms) = preSolution
		Debug|Any CPU = Debug|Any CPU
		Release|Any CPU = Release|Any CPU
	EndGlobalSection
	GlobalSection(ProjectConfigurationPlatforms) = postSolution
		{C794D70C-5DEA-424A-852B-C1168925F297}.Debug|Any CPU.ActiveCfg = Debug|Any CPU
		{C794D70C-5DEA-424A-852B-C1168925F297}.Debug|Any CPU.Build.0 = Debug|Any CPU
		{C794D70C-5DEA-424A-852B-C1168925F297}.Release|Any CPU.ActiveCfg = Release|Any CPU
		{C794D70C-5DEA-424A-852B-C1168925F297}.Release|Any CPU.Build.0 = Release|Any CPU
		{4D98A270-E47F-422D-9510-EFB460EED880}.Debug|Any CPU.ActiveCfg = Debug|Any CPU
		{4D98A270-E47F-422D-9510-EFB460EED880}.Debug|Any CPU.Build.0 = Debug|Any CPU
		{4D98A270-E47F-422D-9510-EFB460EED880}.Release|Any CPU.ActiveCfg = Release|Any CPU
		{4D98A270-E47F-422D-9510-EFB460EED880}.Release|Any CPU.Build.0 = Release|Any CPU
		{CEC338AF-9BAC-4422-83C3-1C69C719E872}.Debug|Any CPU.ActiveCfg = Debug|Any CPU
		{CEC338AF-9BAC-4422-83C3-1C69C719E872}.Debug|Any CPU.Build.0 = Debug|Any CPU
		{CEC338AF-9BAC-4422-83C3-1C69C719E872}.Release|Any CPU.ActiveCfg = Release|Any CPU
		{CEC338AF-9BAC-4422-83C3-1C69C719E872}.Release|Any CPU.Build.0 = Release|Any CPU
		{074BCD26-2A28-41B5-A6C6-F6847150C0AD}.Debug|Any CPU.ActiveCfg = Debug|Any CPU
		{074BCD26-2A28-41B5-A6C6-F6847150C0AD}.Debug|Any CPU.Build.0 = Debug|Any CPU
		{074BCD26-2A28-41B5-A6C6-F6847150C0AD}.Release|Any CPU.ActiveCfg = Release|Any CPU
		{074BCD26-2A28-41B5-A6C6-F6847150C0AD}.Release|Any CPU.Build.0 = Release|Any CPU
		{50ACED80-403C-4DC1-AD86-5959973178AE}.Debug|Any CPU.ActiveCfg = Debug|Any CPU
		{50ACED80-403C-4DC1-AD86-5959973178AE}.Debug|Any CPU.Build.0 = Debug|Any CPU
		{50ACED80-403C-4DC1-AD86-5959973178AE}.Release|Any CPU.ActiveCfg = Release|Any CPU
		{50ACED80-403C-4DC1-AD86-5959973178AE}.Release|Any CPU.Build.0 = Release|Any CPU
		{EC0794A0-7021-4187-B54F-59758F08ADDE}.Debug|Any CPU.ActiveCfg = Debug|Any CPU
		{EC0794A0-7021-4187-B54F-59758F08ADDE}.Debug|Any CPU.Build.0 = Debug|Any CPU
		{EC0794A0-7021-4187-B54F-59758F08ADDE}.Release|Any CPU.ActiveCfg = Release|Any CPU
		{EC0794A0-7021-4187-B54F-59758F08ADDE}.Release|Any CPU.Build.0 = Release|Any CPU
		{FF3F75D9-2ECF-4A88-9E45-BF04D1AB7828}.Debug|Any CPU.ActiveCfg = Debug|Any CPU
		{FF3F75D9-2ECF-4A88-9E45-BF04D1AB7828}.Debug|Any CPU.Build.0 = Debug|Any CPU
		{FF3F75D9-2ECF-4A88-9E45-BF04D1AB7828}.Release|Any CPU.ActiveCfg = Release|Any CPU
		{FF3F75D9-2ECF-4A88-9E45-BF04D1AB7828}.Release|Any CPU.Build.0 = Release|Any CPU
	EndGlobalSection
EndGlobal
